
Microsoft Visual Studio Solution File, Format Version 12.00
# Visual Studio Version 16
VisualStudioVersion = 16.0.31019.194
MinimumVisualStudioVersion = 10.0.40219.1
Project("{9A19103F-16F7-4668-BE54-9A1E7A4F7556}") = "OpenIDConnect", "..\..\OpenIDConnect2\OpenIDConnect\OpenIDConnect.csproj", "{5F0F7AF7-0BAD-41CB-8590-CE9D32BBE6B0}"
EndProject
Project("{9A19103F-16F7-4668-BE54-9A1E7A4F7556}") = "WeatherWebApi", "..\..\OpenIDConnect2\WeatherWebApi\WeatherWebApi.csproj", "{1B6EE3FE-4A16-4BBC-B338-FE8E5DF29A33}"
EndProject
Global
	GlobalSection(SolutionConfigurationPlatforms) = preSolution
		Debug|Any CPU = Debug|Any CPU
		Release|Any CPU = Release|Any CPU
	EndGlobalSection
	GlobalSection(ProjectConfigurationPlatforms) = postSolution
		{5F0F7AF7-0BAD-41CB-8590-CE9D32BBE6B0}.Debug|Any CPU.ActiveCfg = Debug|Any CPU
		{5F0F7AF7-0BAD-41CB-8590-CE9D32BBE6B0}.Debug|Any CPU.Build.0 = Debug|Any CPU
		{5F0F7AF7-0BAD-41CB-8590-CE9D32BBE6B0}.Release|Any CPU.ActiveCfg = Release|Any CPU
		{5F0F7AF7-0BAD-41CB-8590-CE9D32BBE6B0}.Release|Any CPU.Build.0 = Release|Any CPU
		{1B6EE3FE-4A16-4BBC-B338-FE8E5DF29A33}.Debug|Any CPU.ActiveCfg = Debug|Any CPU
		{1B6EE3FE-4A16-4BBC-B338-FE8E5DF29A33}.Debug|Any CPU.Build.0 = Debug|Any CPU
		{1B6EE3FE-4A16-4BBC-B338-FE8E5DF29A33}.Release|Any CPU.ActiveCfg = Release|Any CPU
		{1B6EE3FE-4A16-4BBC-B338-FE8E5DF29A33}.Release|Any CPU.Build.0 = Release|Any CPU
	EndGlobalSection
	GlobalSection(SolutionProperties) = preSolution
		HideSolutionNode = FALSE
	EndGlobalSection
	GlobalSection(ExtensibilityGlobals) = postSolution
		SolutionGuid = {3B53ECC4-14B5-4C9E-83F3-5DB6C83863C1}
	EndGlobalSection
EndGlobal
